
Microsoft Visual Studio Solution File, Format Version 12.00
# Visual Studio Version 16
VisualStudioVersion = 25.0.1700.0
MinimumVisualStudioVersion = 10.0.40219.1
Project("{FAE04EC0-301F-11D3-BF4B-00C04F79EFBC}") = "threejsPrac", "threejsPrac.csproj", "{FA0C8897-15D4-494D-9E4B-FDCFC115931D}"
EndProject
Global
	GlobalSection(SolutionConfigurationPlatforms) = preSolution
		Debug|Any CPU = Debug|Any CPU
		Release|Any CPU = Release|Any CPU
	EndGlobalSection
	GlobalSection(ProjectConfigurationPlatforms) = postSolution
		{FA0C8897-15D4-494D-9E4B-FDCFC115931D}.Debug|Any CPU.ActiveCfg = Debug|Any CPU
		{FA0C8897-15D4-494D-9E4B-FDCFC115931D}.Debug|Any CPU.Build.0 = Debug|Any CPU
		{FA0C8897-15D4-494D-9E4B-FDCFC115931D}.Release|Any CPU.ActiveCfg = Release|Any CPU
		{FA0C8897-15D4-494D-9E4B-FDCFC115931D}.Release|Any CPU.Build.0 = Release|Any CPU
	EndGlobalSection
	GlobalSection(SolutionProperties) = preSolution
		HideSolutionNode = FALSE
	EndGlobalSection
	GlobalSection(ExtensibilityGlobals) = postSolution
		SolutionGuid = {B25448A7-6928-49C7-AE2D-740CAD3C66DD}
	EndGlobalSection
EndGlobal
